
Microsoft Visual Studio Solution File, Format Version 12.00
# Visual Studio Version 16
VisualStudioVersion = 16.0.30128.74
MinimumVisualStudioVersion = 10.0.40219.1
Project("{FAE04EC0-301F-11D3-BF4B-00C04F79EFBC}") = "Proyecto prestamos", "Proyecto prestamos.csproj", "{0347EE2A-FD81-4938-B675-70F11C5BA5CD}"
EndProject
Global
	GlobalSection(SolutionConfigurationPlatforms) = preSolution
		Debug|Any CPU = Debug|Any CPU
		Release|Any CPU = Release|Any CPU
	EndGlobalSection
	GlobalSection(ProjectConfigurationPlatforms) = postSolution
		{0347EE2A-FD81-4938-B675-70F11C5BA5CD}.Debug|Any CPU.ActiveCfg = Debug|Any CPU
		{0347EE2A-FD81-4938-B675-70F11C5BA5CD}.Debug|Any CPU.Build.0 = Debug|Any CPU
		{0347EE2A-FD81-4938-B675-70F11C5BA5CD}.Release|Any CPU.ActiveCfg = Release|Any CPU
		{0347EE2A-FD81-4938-B675-70F11C5BA5CD}.Release|Any CPU.Build.0 = Release|Any CPU
	EndGlobalSection
	GlobalSection(SolutionProperties) = preSolution
		HideSolutionNode = FALSE
	EndGlobalSection
	GlobalSection(ExtensibilityGlobals) = postSolution
		SolutionGuid = {C94BC6FD-14E3-4919-84D6-89ABE22AEF02}
	EndGlobalSection
EndGlobal
